Microsoft Visual Studio Solution File, Format Version 11.00
# Visual Studio 2008

Project("{5B283FF5-FDD7-2E69-936B-477ADD226669}") = "SerialCommunication", "Assembly-CSharp.csproj", "{C05C57F7-0B37-8D22-87DA-788476F1F806}"
EndProject
Global
	GlobalSection(SolutionConfigurationPlatforms) = preSolution
		Debug|Any CPU = Debug|Any CPU
		Release|Any CPU = Release|Any CPU
	EndGlobalSection
	GlobalSection(ProjectConfigurationPlatforms) = postSolution
		{C05C57F7-0B37-8D22-87DA-788476F1F806}.Debug|Any CPU.ActiveCfg = Debug|Any CPU
		{C05C57F7-0B37-8D22-87DA-788476F1F806}.Debug|Any CPU.Build.0 = Debug|Any CPU
		{C05C57F7-0B37-8D22-87DA-788476F1F806}.Release|Any CPU.ActiveCfg = Release|Any CPU
		{C05C57F7-0B37-8D22-87DA-788476F1F806}.Release|Any CPU.Build.0 = Release|Any CPU
	EndGlobalSection
	GlobalSection(SolutionProperties) = preSolution
		HideSolutionNode = FALSE
	EndGlobalSection
	GlobalSection(MonoDevelopProperties) = preSolution
		StartupItem = Assembly-CSharp.csproj
	EndGlobalSection
EndGlobal
